{
  "name": "@researchdatabox/redbox-hook-kit",
  "version": "4.5.1",
  "lockfileVersion": 3,
  "requires": true,
  "packages": {
    "": {
      "name": "@researchdatabox/redbox-hook-kit",
      "version": "4.5.1",
      "license": "ISC",
      "dependencies": {
        "@researchdatabox/redbox-core-types": "^1.5.0",
        "@types/lodash": "^4.17.20",
        "@types/node": "^24.10.0"
      },
      "bin": {
        "redbox-hook-kit": "bin/cli.js",
        "redbox-tsc": "bin/tsc.js"
      },
      "peerDependencies": {
        "@researchdatabox/redbox-core-types": "^1.5.0"
      },
      "peerDependenciesMeta": {
        "@researchdatabox/redbox-core-types": {
          "optional": false
        }
      }
    },
    "node_modules/@researchdatabox/redbox-core-types": {
      "version": "1.5.0",
      "resolved": "https://registry.npmjs.org/@researchdatabox/redbox-core-types/-/redbox-core-types-1.5.0.tgz",
      "integrity": "sha512-8c3Jdj1iF+sbjhuKtoqIA/FcSi6fdcSvW20zz090OA3tUjljQL3OZL2DM4Fertx65plTFzxuOyUp4kjH7W7y2Q==",
      "license": "ISC",
      "dependencies": {
        "@tsconfig/node18": "^18.2.0"
      }
    },
    "node_modules/@tsconfig/node18": {
      "version": "18.2.5",
      "resolved": "https://registry.npmjs.org/@tsconfig/node18/-/node18-18.2.5.tgz",
      "integrity": "sha512-nQicUR0hKCXwCTVByBMPKm+lWH4B+IquC9Y1KEe4oujGVFFKGTIpAFz5z/AwJooSocVAuTSWTe/7ey1nU+xrlA==",
      "license": "MIT"
    },
    "node_modules/@types/lodash": {
      "version": "4.17.20",
      "resolved": "https://registry.npmjs.org/@types/lodash/-/lodash-4.17.20.tgz",
      "integrity": "sha512-H3MHACvFUEiujabxhaI/ImO6gUrd8oOurg7LQtS7mbwIXA/cUqWrvBsaeJ23aZEPk1TAYkurjfMbSELfoCXlGA==",
      "license": "MIT"
    },
    "node_modules/@types/node": {
      "version": "24.10.1",
      "resolved": "https://registry.npmjs.org/@types/node/-/node-24.10.1.tgz",
      "integrity": "sha512-GNWcUTRBgIRJD5zj+Tq0fKOJ5XZajIiBroOF0yvj2bSU1WvNdYS/dn9UxwsujGW4JX06dnHyjV2y9rRaybH0iQ==",
      "license": "MIT",
      "dependencies": {
        "undici-types": "~7.16.0"
      }
    },
    "node_modules/undici-types": {
      "version": "7.16.0",
      "resolved": "https://registry.npmjs.org/undici-types/-/undici-types-7.16.0.tgz",
      "integrity": "sha512-Zz+aZWSj8LE6zoxD+xrjh4VfkIG8Ya6LvYkZqtUQGJPZjYl53ypCaUwWqo7eI0x66KBGeRo+mlBEkMSeSZ38Nw==",
      "license": "MIT"
    }
  }
}
