{
  "name": "@researchdatabox/portal-ng-form-custom",
  "version": "0.0.1",
  "lockfileVersion": 3,
  "requires": true,
  "packages": {
    "": {
      "name": "@researchdatabox/portal-ng-form-custom",
      "version": "0.0.1",
      "dependencies": {
        "@angular/core": "^19.2.14",
        "@angular/forms": "^19.2.14",
        "@researchdatabox/portal-ng-common": "../../angular/projects/researchdatabox/portal-ng-common",
        "@researchdatabox/sails-ng-common": "../../packages/sails-ng-common"
      },
      "devDependencies": {
        "typescript": "5.8.3"
      }
    },
    "../../angular/projects/researchdatabox/portal-ng-common": {
      "name": "@researchdatabox/portal-ng-common",
      "version": "0.0.1",
      "devDependencies": {
        "@types/numeral": "^2.0.2",
        "tslib": "^2.8.1"
      },
      "peerDependencies": {
        "@angular/common": "^19.2.6",
        "@angular/core": "^19.2.6",
        "@researchdatabox/sails-ng-common": "../../../../packages/sails-ng-common",
        "angular-i18next": "^19.1.0",
        "i18next-browser-languagedetector": "^8.0.0",
        "i18next-http-backend": "^3.0.2",
        "numeral": "^2.0.6"
      }
    },
    "../../packages/sails-ng-common": {
      "name": "@researchdatabox/sails-ng-common",
      "version": "0.2.1",
      "license": "GPL-3.0-or-later",
      "dependencies": {
        "ts-json-schema-generator": "^2.4.0"
      },
      "devDependencies": {
        "@eslint/js": "9.27.0",
        "@researchdatabox/redbox-core-types": "../../core",
        "@stylistic/eslint-plugin": "4.2.0",
        "@stylistic/eslint-plugin-js": "4.2.0",
        "@stylistic/eslint-plugin-ts": "4.2.0",
        "@types/chai": "5.2.1",
        "@types/lodash": "4.17.17",
        "@types/mocha": "10.0.10",
        "@types/node": "20.17.48",
        "@typescript-eslint/eslint-plugin": "8.32.1",
        "@typescript-eslint/parser": "8.32.1",
        "chai": "5.2.0",
        "eslint": "9.27.0",
        "istanbul": "0.4.5",
        "lodash": "4.17.21",
        "mocha": "11.4.0",
        "mocha-junit-reporter": "2.2.1",
        "moment": "2.30.1",
        "nyc": "17.1.0",
        "typescript": "5.8.3",
        "typescript-eslint": "8.32.1"
      },
      "engines": {
        "node": ">=20.0.0"
      }
    },
    "node_modules/@angular/common": {
      "version": "19.2.14",
      "resolved": "https://registry.npmjs.org/@angular/common/-/common-19.2.14.tgz",
      "integrity": "sha512-NcNklcuyqaTjOVGf7aru8APX9mjsnZ01gFZrn47BxHozhaR0EMRrotYQTdi8YdVjPkeYFYanVntSLfhyobq/jg==",
      "license": "MIT",
      "peer": true,
      "dependencies": {
        "tslib": "^2.3.0"
      },
      "engines": {
        "node": "^18.19.1 || ^20.11.1 || >=22.0.0"
      },
      "peerDependencies": {
        "@angular/core": "19.2.14",
        "rxjs": "^6.5.3 || ^7.4.0"
      }
    },
    "node_modules/@angular/core": {
      "version": "19.2.14",
      "resolved": "https://registry.npmjs.org/@angular/core/-/core-19.2.14.tgz",
      "integrity": "sha512-EVErpW9tGqJ/wNcAN3G/ErH8pHCJ8mM1E6bsJ8UJIpDTZkpqqYjBMtZS9YWH5n3KwUd1tAkAB2w8FK125AjDUQ==",
      "license": "MIT",
      "dependencies": {
        "tslib": "^2.3.0"
      },
      "engines": {
        "node": "^18.19.1 || ^20.11.1 || >=22.0.0"
      },
      "peerDependencies": {
        "rxjs": "^6.5.3 || ^7.4.0",
        "zone.js": "~0.15.0"
      }
    },
    "node_modules/@angular/forms": {
      "version": "19.2.14",
      "resolved": "https://registry.npmjs.org/@angular/forms/-/forms-19.2.14.tgz",
      "integrity": "sha512-hWtDOj2B0AuRTf+nkMJeodnFpDpmEK9OIhIv1YxcRe73ooaxrIdjgugkElO8I9Tj0E4/7m117ezhWDUkbqm1zA==",
      "license": "MIT",
      "dependencies": {
        "tslib": "^2.3.0"
      },
      "engines": {
        "node": "^18.19.1 || ^20.11.1 || >=22.0.0"
      },
      "peerDependencies": {
        "@angular/common": "19.2.14",
        "@angular/core": "19.2.14",
        "@angular/platform-browser": "19.2.14",
        "rxjs": "^6.5.3 || ^7.4.0"
      }
    },
    "node_modules/@angular/platform-browser": {
      "version": "19.2.14",
      "resolved": "https://registry.npmjs.org/@angular/platform-browser/-/platform-browser-19.2.14.tgz",
      "integrity": "sha512-hzkT5nmA64oVBQl6PRjdL4dIFT1n7lfM9rm5cAoS+6LUUKRgiE2d421Kpn/Hz3jaCJfo+calMIdtSMIfUJBmww==",
      "license": "MIT",
      "peer": true,
      "dependencies": {
        "tslib": "^2.3.0"
      },
      "engines": {
        "node": "^18.19.1 || ^20.11.1 || >=22.0.0"
      },
      "peerDependencies": {
        "@angular/animations": "19.2.14",
        "@angular/common": "19.2.14",
        "@angular/core": "19.2.14"
      },
      "peerDependenciesMeta": {
        "@angular/animations": {
          "optional": true
        }
      }
    },
    "node_modules/@researchdatabox/portal-ng-common": {
      "resolved": "../../angular/projects/researchdatabox/portal-ng-common",
      "link": true
    },
    "node_modules/@researchdatabox/sails-ng-common": {
      "resolved": "../../packages/sails-ng-common",
      "link": true
    },
    "node_modules/rxjs": {
      "version": "7.8.2",
      "resolved": "https://registry.npmjs.org/rxjs/-/rxjs-7.8.2.tgz",
      "integrity": "sha512-dhKf903U/PQZY6boNNtAGdWbG85WAbjT/1xYoZIC7FAY0yWapOBQVsVrDl58W86//e1VpMNBtRV4MaXfdMySFA==",
      "license": "Apache-2.0",
      "peer": true,
      "dependencies": {
        "tslib": "^2.1.0"
      }
    },
    "node_modules/tslib": {
      "version": "2.8.1",
      "resolved": "https://registry.npmjs.org/tslib/-/tslib-2.8.1.tgz",
      "integrity": "sha512-oJFu94HQb+KVduSUQL7wnpmqnfmLsOA/nAh6b6EH0wCEoK0/mPeXU6c3wKDV83MkOuHPRHtSXKKU99IBazS/2w==",
      "license": "0BSD"
    },
    "node_modules/typescript": {
      "version": "5.8.3",
      "resolved": "https://registry.npmjs.org/typescript/-/typescript-5.8.3.tgz",
      "integrity": "sha512-p1diW6TqL9L07nNxvRMM7hMMw4c5XOo/1ibL4aAIGmSAt9slTE1Xgw5KWuof2uTOvCg9BY7ZRi+GaF+7sfgPeQ==",
      "dev": true,
      "license": "Apache-2.0",
      "bin": {
        "tsc": "bin/tsc",
        "tsserver": "bin/tsserver"
      },
      "engines": {
        "node": ">=14.17"
      }
    },
    "node_modules/zone.js": {
      "version": "0.15.1",
      "resolved": "https://registry.npmjs.org/zone.js/-/zone.js-0.15.1.tgz",
      "integrity": "sha512-XE96n56IQpJM7NAoXswY3XRLcWFW83xe0BiAOeMD7K5k5xecOeul3Qcpx6GqEeeHNkW5DWL5zOyTbEfB4eti8w==",
      "license": "MIT",
      "peer": true
    }
  }
}
