{
  "name": "@researchdatabox/redbox-core-types",
  "version": "1.4.0",
  "lockfileVersion": 2,
  "requires": true,
  "packages": {
    "": {
      "name": "@researchdatabox/redbox-core-types",
      "version": "1.4.0",
      "license": "ISC",
      "devDependencies": {
        "@tsconfig/node18": "^2.0.0",
        "@types/node": "^18.16.3",
        "lodash": "^4.17.21",
        "moment": "^2.29.1",
        "rxjs": "^6.6.2",
        "rxjs-compat": "^6.6.7",
        "stream": "0.0.2",
        "typescript": "^5.0.4"
      }
    },
    "node_modules/@tsconfig/node18": {
      "version": "2.0.0",
      "resolved": "https://registry.npmjs.org/@tsconfig/node18/-/node18-2.0.0.tgz",
      "integrity": "sha512-uI/B0ShkiEwTk036pncXucVlj4y11EW6mycQvCEzC1PkR2TBvdQZ5Wf96dp+XXWAc70FEDfvwTqanoaDpP6rPw==",
      "dev": true
    },
    "node_modules/@types/node": {
      "version": "18.16.3",
      "resolved": "https://registry.npmjs.org/@types/node/-/node-18.16.3.tgz",
      "integrity": "sha512-OPs5WnnT1xkCBiuQrZA4+YAV4HEJejmHneyraIaxsbev5yCEr6KMwINNFP9wQeFIw8FWcoTqF3vQsa5CDaI+8Q==",
      "dev": true
    },
    "node_modules/emitter-component": {
      "version": "1.1.1",
      "resolved": "https://registry.npmjs.org/emitter-component/-/emitter-component-1.1.1.tgz",
      "integrity": "sha1-Bl4tvtaVm/RwZ57avq95gdEAOrY=",
      "dev": true
    },
    "node_modules/lodash": {
      "version": "4.17.21",
      "resolved": "https://registry.npmjs.org/lodash/-/lodash-4.17.21.tgz",
      "integrity": "sha512-v2kDEe57lecTulaDIuNTPy3Ry4gLGJ6Z1O3vE1krgXZNrsQ+LFTGHVxVjcXPs17LhbZVGedAJv8XZ1tvj5FvSg==",
      "dev": true
    },
    "node_modules/moment": {
      "version": "2.29.4",
      "resolved": "https://registry.npmjs.org/moment/-/moment-2.29.4.tgz",
      "integrity": "sha512-5LC9SOxjSc2HF6vO2CyuTDNivEdoz2IvyJJGj6X8DJ0eFyfszE0QiEd+iXmBvUP3WHxSjFH/vIsA0EN00cgr8w==",
      "dev": true,
      "engines": {
        "node": "*"
      }
    },
    "node_modules/rxjs": {
      "version": "6.6.2",
      "resolved": "https://registry.npmjs.org/rxjs/-/rxjs-6.6.2.tgz",
      "integrity": "sha512-BHdBMVoWC2sL26w//BCu3YzKT4s2jip/WhwsGEDmeKYBhKDZeYezVUnHatYB7L85v5xs0BAQmg6BEYJEKxBabg==",
      "dev": true,
      "dependencies": {
        "tslib": "^1.9.0"
      },
      "engines": {
        "npm": ">=2.0.0"
      }
    },
    "node_modules/rxjs-compat": {
      "version": "6.6.7",
      "resolved": "https://registry.npmjs.org/rxjs-compat/-/rxjs-compat-6.6.7.tgz",
      "integrity": "sha512-szN4fK+TqBPOFBcBcsR0g2cmTTUF/vaFEOZNuSdfU8/pGFnNmmn2u8SystYXG1QMrjOPBc6XTKHMVfENDf6hHw==",
      "dev": true
    },
    "node_modules/stream": {
      "version": "0.0.2",
      "resolved": "https://registry.npmjs.org/stream/-/stream-0.0.2.tgz",
      "integrity": "sha1-f1Nj8Ff2WSxVlfALyAon9c7B8O8=",
      "dev": true,
      "dependencies": {
        "emitter-component": "^1.1.1"
      }
    },
    "node_modules/tslib": {
      "version": "1.14.1",
      "resolved": "https://registry.npmjs.org/tslib/-/tslib-1.14.1.tgz",
      "integrity": "sha512-Xni35NKzjgMrwevysHTCArtLDpPvye8zV/0E4EyYn43P7/7qvQwPh9BGkHewbMulVntbigmcT7rdX3BNo9wRJg==",
      "dev": true
    },
    "node_modules/typescript": {
      "version": "5.0.4",
      "resolved": "https://registry.npmjs.org/typescript/-/typescript-5.0.4.tgz",
      "integrity": "sha512-cW9T5W9xY37cc+jfEnaUvX91foxtHkza3Nw3wkoF4sSlKn0MONdkdEndig/qPBWXNkmplh3NzayQzCiHM4/hqw==",
      "dev": true,
      "bin": {
        "tsc": "bin/tsc",
        "tsserver": "bin/tsserver"
      },
      "engines": {
        "node": ">=12.20"
      }
    }
  },
  "dependencies": {
    "@tsconfig/node18": {
      "version": "2.0.0",
      "resolved": "https://registry.npmjs.org/@tsconfig/node18/-/node18-2.0.0.tgz",
      "integrity": "sha512-uI/B0ShkiEwTk036pncXucVlj4y11EW6mycQvCEzC1PkR2TBvdQZ5Wf96dp+XXWAc70FEDfvwTqanoaDpP6rPw==",
      "dev": true
    },
    "@types/node": {
      "version": "18.16.3",
      "resolved": "https://registry.npmjs.org/@types/node/-/node-18.16.3.tgz",
      "integrity": "sha512-OPs5WnnT1xkCBiuQrZA4+YAV4HEJejmHneyraIaxsbev5yCEr6KMwINNFP9wQeFIw8FWcoTqF3vQsa5CDaI+8Q==",
      "dev": true
    },
    "emitter-component": {
      "version": "1.1.1",
      "resolved": "https://registry.npmjs.org/emitter-component/-/emitter-component-1.1.1.tgz",
      "integrity": "sha1-Bl4tvtaVm/RwZ57avq95gdEAOrY=",
      "dev": true
    },
    "lodash": {
      "version": "4.17.21",
      "resolved": "https://registry.npmjs.org/lodash/-/lodash-4.17.21.tgz",
      "integrity": "sha512-v2kDEe57lecTulaDIuNTPy3Ry4gLGJ6Z1O3vE1krgXZNrsQ+LFTGHVxVjcXPs17LhbZVGedAJv8XZ1tvj5FvSg==",
      "dev": true
    },
    "moment": {
      "version": "2.29.4",
      "resolved": "https://registry.npmjs.org/moment/-/moment-2.29.4.tgz",
      "integrity": "sha512-5LC9SOxjSc2HF6vO2CyuTDNivEdoz2IvyJJGj6X8DJ0eFyfszE0QiEd+iXmBvUP3WHxSjFH/vIsA0EN00cgr8w==",
      "dev": true
    },
    "rxjs": {
      "version": "6.6.2",
      "resolved": "https://registry.npmjs.org/rxjs/-/rxjs-6.6.2.tgz",
      "integrity": "sha512-BHdBMVoWC2sL26w//BCu3YzKT4s2jip/WhwsGEDmeKYBhKDZeYezVUnHatYB7L85v5xs0BAQmg6BEYJEKxBabg==",
      "dev": true,
      "requires": {
        "tslib": "^1.9.0"
      }
    },
    "rxjs-compat": {
      "version": "6.6.7",
      "resolved": "https://registry.npmjs.org/rxjs-compat/-/rxjs-compat-6.6.7.tgz",
      "integrity": "sha512-szN4fK+TqBPOFBcBcsR0g2cmTTUF/vaFEOZNuSdfU8/pGFnNmmn2u8SystYXG1QMrjOPBc6XTKHMVfENDf6hHw==",
      "dev": true
    },
    "stream": {
      "version": "0.0.2",
      "resolved": "https://registry.npmjs.org/stream/-/stream-0.0.2.tgz",
      "integrity": "sha1-f1Nj8Ff2WSxVlfALyAon9c7B8O8=",
      "dev": true,
      "requires": {
        "emitter-component": "^1.1.1"
      }
    },
    "tslib": {
      "version": "1.14.1",
      "resolved": "https://registry.npmjs.org/tslib/-/tslib-1.14.1.tgz",
      "integrity": "sha512-Xni35NKzjgMrwevysHTCArtLDpPvye8zV/0E4EyYn43P7/7qvQwPh9BGkHewbMulVntbigmcT7rdX3BNo9wRJg==",
      "dev": true
    },
    "typescript": {
      "version": "5.0.4",
      "resolved": "https://registry.npmjs.org/typescript/-/typescript-5.0.4.tgz",
      "integrity": "sha512-cW9T5W9xY37cc+jfEnaUvX91foxtHkza3Nw3wkoF4sSlKn0MONdkdEndig/qPBWXNkmplh3NzayQzCiHM4/hqw==",
      "dev": true
    }
  }
}
