{
  "name": "@researchdatabox/portal-ng-common",
  "version": "0.0.1",
  "lockfileVersion": 2,
  "requires": true,
  "packages": {
    "": {
      "name": "@researchdatabox/portal-ng-common",
      "version": "0.0.1",
      "dependencies": {
        "tslib": "^2.3.0"
      },
      "devDependencies": {
        "@types/numeral": "^2.0.2"
      },
      "peerDependencies": {
        "@angular/common": "^15.0.0",
        "@angular/core": "^15.0.0",
        "angular-i18next": "^15.0.5",
        "i18next-browser-languagedetector": "^7.1.0",
        "i18next-http-backend": "^2.1.1",
        "numeral": "^2.0.6"
      }
    },
    "node_modules/@angular/common": {
      "version": "15.1.3",
      "resolved": "https://registry.npmjs.org/@angular/common/-/common-15.1.3.tgz",
      "integrity": "sha512-UjC0COaOcU1g/ODBBetv/BpdaFC/Y32DvXJ9qbD7kkwLwoqCjGOLDvtP36r9zEzPmH7oNkgNGDkgR3gyb82s5A==",
      "peer": true,
      "dependencies": {
        "tslib": "^2.3.0"
      },
      "engines": {
        "node": "^14.20.0 || ^16.13.0 || >=18.10.0"
      },
      "peerDependencies": {
        "@angular/core": "15.1.3",
        "rxjs": "^6.5.3 || ^7.4.0"
      }
    },
    "node_modules/@angular/core": {
      "version": "15.1.3",
      "resolved": "https://registry.npmjs.org/@angular/core/-/core-15.1.3.tgz",
      "integrity": "sha512-rad9OYnaoRnXBztOBXsiD59VvOZTpsvO3sWx6KndytQFceFfkL722bF2l2LARN+R3IWDOwRap46HOtc0O0N+sw==",
      "peer": true,
      "dependencies": {
        "tslib": "^2.3.0"
      },
      "engines": {
        "node": "^14.20.0 || ^16.13.0 || >=18.10.0"
      },
      "peerDependencies": {
        "rxjs": "^6.5.3 || ^7.4.0",
        "zone.js": "~0.11.4 || ~0.12.0"
      }
    },
    "node_modules/@angular/platform-browser": {
      "version": "15.1.3",
      "resolved": "https://registry.npmjs.org/@angular/platform-browser/-/platform-browser-15.1.3.tgz",
      "integrity": "sha512-WJBN3klssfcRGKY2L2DIpNGbaMQfi2X1le1ZXQAnsfECQ/pua+lFstJUT+RP+Bx4X8icuDggKkS/JPOiBhxARw==",
      "peer": true,
      "dependencies": {
        "tslib": "^2.3.0"
      },
      "engines": {
        "node": "^14.20.0 || ^16.13.0 || >=18.10.0"
      },
      "peerDependencies": {
        "@angular/animations": "15.1.3",
        "@angular/common": "15.1.3",
        "@angular/core": "15.1.3"
      },
      "peerDependenciesMeta": {
        "@angular/animations": {
          "optional": true
        }
      }
    },
    "node_modules/@babel/runtime": {
      "version": "7.28.4",
      "resolved": "https://registry.npmjs.org/@babel/runtime/-/runtime-7.28.4.tgz",
      "integrity": "sha512-Q/N6JNWvIvPnLDvjlE1OUBLPQHH6l3CltCEsHIujp45zQUSSh8K+gHnaEX45yAT1nyngnINhvWtzN+Nb9D8RAQ==",
      "peer": true,
      "engines": {
        "node": ">=6.9.0"
      }
    },
    "node_modules/@types/numeral": {
      "version": "2.0.2",
      "resolved": "https://registry.npmjs.org/@types/numeral/-/numeral-2.0.2.tgz",
      "integrity": "sha512-A8F30k2gYJ/6e07spSCPpkuZu79LCnkPTvqmIWQzNGcrzwFKpVOydG41lNt5wZXjSI149qjyzC2L1+F2PD/NUA==",
      "dev": true
    },
    "node_modules/angular-i18next": {
      "version": "15.0.5",
      "resolved": "https://registry.npmjs.org/angular-i18next/-/angular-i18next-15.0.5.tgz",
      "integrity": "sha512-TS4Z28rqSoPg0xDT6bViYlo/7ghvl0vqTXhLoUFakudI9mXalootmSdLTCIGfgdnqMgSwOBFkVJzQzSN9+JYoQ==",
      "peer": true,
      "dependencies": {
        "tslib": "^2.2.0"
      },
      "peerDependencies": {
        "@angular/common": ">=15.0.0 <16.0.0",
        "@angular/core": ">=15.0.0 <16.0.0",
        "@angular/platform-browser": ">=15.0.0 <16.0.0",
        "i18next": ">=22.0.8 <23.0.0",
        "rxjs": ">=6.6.0 <8.0.0"
      }
    },
    "node_modules/cross-fetch": {
      "version": "3.1.5",
      "resolved": "https://registry.npmjs.org/cross-fetch/-/cross-fetch-3.1.5.tgz",
      "integrity": "sha512-lvb1SBsI0Z7GDwmuid+mU3kWVBwTVUbe7S0H52yaaAdQOXq2YktTCZdlAcNKFzE6QtRz0snpw9bNiPeOIkkQvw==",
      "peer": true,
      "dependencies": {
        "node-fetch": "2.6.7"
      }
    },
    "node_modules/i18next": {
      "version": "22.4.9",
      "resolved": "https://registry.npmjs.org/i18next/-/i18next-22.4.9.tgz",
      "integrity": "sha512-8gWMmUz460KJDQp/ob3MNUX84cVuDRY9PLFPnV8d+Qezz/6dkjxwOaH70xjrCNDO+JrUL25iXfAIN9wUkInNZw==",
      "funding": [
        {
          "type": "individual",
          "url": "https://locize.com"
        },
        {
          "type": "individual",
          "url": "https://locize.com/i18next.html"
        },
        {
          "type": "individual",
          "url": "https://www.i18next.com/how-to/faq#i18next-is-awesome.-how-can-i-support-the-project"
        }
      ],
      "peer": true,
      "dependencies": {
        "@babel/runtime": "^7.20.6"
      }
    },
    "node_modules/i18next-browser-languagedetector": {
      "version": "7.2.2",
      "resolved": "https://registry.npmjs.org/i18next-browser-languagedetector/-/i18next-browser-languagedetector-7.2.2.tgz",
      "integrity": "sha512-6b7r75uIJDWCcCflmbof+sJ94k9UQO4X0YR62oUfqGI/GjCLVzlCwu8TFdRZIqVLzWbzNcmkmhfqKEr4TLz4HQ==",
      "peer": true,
      "dependencies": {
        "@babel/runtime": "^7.23.2"
      }
    },
    "node_modules/i18next-http-backend": {
      "version": "2.1.1",
      "resolved": "https://registry.npmjs.org/i18next-http-backend/-/i18next-http-backend-2.1.1.tgz",
      "integrity": "sha512-jByfUCDVgQ8+/Wens7queQhYYvMcGTW/lR4IJJNEDDXnmqjLrwi8ubXKpmp76/JIWEZHffNdWqnxFJcTVGeaOw==",
      "peer": true,
      "dependencies": {
        "cross-fetch": "3.1.5"
      }
    },
    "node_modules/node-fetch": {
      "version": "2.6.7",
      "resolved": "https://registry.npmjs.org/node-fetch/-/node-fetch-2.6.7.tgz",
      "integrity": "sha512-ZjMPFEfVx5j+y2yF35Kzx5sF7kDzxuDj6ziH4FFbOp87zKDZNx8yExJIb05OGF4Nlt9IHFIMBkRl41VdvcNdbQ==",
      "peer": true,
      "dependencies": {
        "whatwg-url": "^5.0.0"
      },
      "engines": {
        "node": "4.x || >=6.0.0"
      },
      "peerDependencies": {
        "encoding": "^0.1.0"
      },
      "peerDependenciesMeta": {
        "encoding": {
          "optional": true
        }
      }
    },
    "node_modules/numeral": {
      "version": "2.0.6",
      "resolved": "https://registry.npmjs.org/numeral/-/numeral-2.0.6.tgz",
      "integrity": "sha512-qaKRmtYPZ5qdw4jWJD6bxEf1FJEqllJrwxCLIm0sQU/A7v2/czigzOb+C2uSiFsa9lBUzeH7M1oK+Q+OLxL3kA==",
      "peer": true,
      "engines": {
        "node": "*"
      }
    },
    "node_modules/rxjs": {
      "version": "7.8.0",
      "resolved": "https://registry.npmjs.org/rxjs/-/rxjs-7.8.0.tgz",
      "integrity": "sha512-F2+gxDshqmIub1KdvZkaEfGDwLNpPvk9Fs6LD/MyQxNgMds/WH9OdDDXOmxUZpME+iSK3rQCctkL0DYyytUqMg==",
      "peer": true,
      "dependencies": {
        "tslib": "^2.1.0"
      }
    },
    "node_modules/tr46": {
      "version": "0.0.3",
      "resolved": "https://registry.npmjs.org/tr46/-/tr46-0.0.3.tgz",
      "integrity": "sha512-N3WMsuqV66lT30CrXNbEjx4GEwlow3v6rr4mCcv6prnfwhS01rkgyFdjPNBYd9br7LpXV1+Emh01fHnq2Gdgrw==",
      "peer": true
    },
    "node_modules/tslib": {
      "version": "2.4.1",
      "resolved": "https://registry.npmjs.org/tslib/-/tslib-2.4.1.tgz",
      "integrity": "sha512-tGyy4dAjRIEwI7BzsB0lynWgOpfqjUdq91XXAlIWD2OwKBH7oCl/GZG/HT4BOHrTlPMOASlMQ7veyTqpmRcrNA=="
    },
    "node_modules/webidl-conversions": {
      "version": "3.0.1",
      "resolved": "https://registry.npmjs.org/webidl-conversions/-/webidl-conversions-3.0.1.tgz",
      "integrity": "sha512-2JAn3z8AR6rjK8Sm8orRC0h/bcl/DqL7tRPdGZ4I1CjdF+EaMLmYxBHyXuKL849eucPFhvBoxMsflfOb8kxaeQ==",
      "peer": true
    },
    "node_modules/whatwg-url": {
      "version": "5.0.0",
      "resolved": "https://registry.npmjs.org/whatwg-url/-/whatwg-url-5.0.0.tgz",
      "integrity": "sha512-saE57nupxk6v3HY35+jzBwYa0rKSy0XR8JSxZPwgLr7ys0IBzhGviA1/TUGJLmSVqs8pb9AnvICXEuOHLprYTw==",
      "peer": true,
      "dependencies": {
        "tr46": "~0.0.3",
        "webidl-conversions": "^3.0.0"
      }
    },
    "node_modules/zone.js": {
      "version": "0.12.0",
      "resolved": "https://registry.npmjs.org/zone.js/-/zone.js-0.12.0.tgz",
      "integrity": "sha512-XtC+I5dXU14HrzidAKBNMqneIVUykLEAA1x+v4KVrd6AUPWlwYORF8KgsVqvgdHiKZ4BkxxjvYi/ksEixTPR0Q==",
      "peer": true,
      "dependencies": {
        "tslib": "^2.3.0"
      }
    }
  },
  "dependencies": {
    "@angular/common": {
      "version": "15.1.3",
      "resolved": "https://registry.npmjs.org/@angular/common/-/common-15.1.3.tgz",
      "integrity": "sha512-UjC0COaOcU1g/ODBBetv/BpdaFC/Y32DvXJ9qbD7kkwLwoqCjGOLDvtP36r9zEzPmH7oNkgNGDkgR3gyb82s5A==",
      "peer": true,
      "requires": {
        "tslib": "^2.3.0"
      }
    },
    "@angular/core": {
      "version": "15.1.3",
      "resolved": "https://registry.npmjs.org/@angular/core/-/core-15.1.3.tgz",
      "integrity": "sha512-rad9OYnaoRnXBztOBXsiD59VvOZTpsvO3sWx6KndytQFceFfkL722bF2l2LARN+R3IWDOwRap46HOtc0O0N+sw==",
      "peer": true,
      "requires": {
        "tslib": "^2.3.0"
      }
    },
    "@angular/platform-browser": {
      "version": "15.1.3",
      "resolved": "https://registry.npmjs.org/@angular/platform-browser/-/platform-browser-15.1.3.tgz",
      "integrity": "sha512-WJBN3klssfcRGKY2L2DIpNGbaMQfi2X1le1ZXQAnsfECQ/pua+lFstJUT+RP+Bx4X8icuDggKkS/JPOiBhxARw==",
      "peer": true,
      "requires": {
        "tslib": "^2.3.0"
      }
    },
    "@babel/runtime": {
      "version": "7.28.4",
      "resolved": "https://registry.npmjs.org/@babel/runtime/-/runtime-7.28.4.tgz",
      "integrity": "sha512-Q/N6JNWvIvPnLDvjlE1OUBLPQHH6l3CltCEsHIujp45zQUSSh8K+gHnaEX45yAT1nyngnINhvWtzN+Nb9D8RAQ==",
      "peer": true
    },
    "@types/numeral": {
      "version": "2.0.2",
      "resolved": "https://registry.npmjs.org/@types/numeral/-/numeral-2.0.2.tgz",
      "integrity": "sha512-A8F30k2gYJ/6e07spSCPpkuZu79LCnkPTvqmIWQzNGcrzwFKpVOydG41lNt5wZXjSI149qjyzC2L1+F2PD/NUA==",
      "dev": true
    },
    "angular-i18next": {
      "version": "15.0.5",
      "resolved": "https://registry.npmjs.org/angular-i18next/-/angular-i18next-15.0.5.tgz",
      "integrity": "sha512-TS4Z28rqSoPg0xDT6bViYlo/7ghvl0vqTXhLoUFakudI9mXalootmSdLTCIGfgdnqMgSwOBFkVJzQzSN9+JYoQ==",
      "peer": true,
      "requires": {
        "tslib": "^2.2.0"
      }
    },
    "cross-fetch": {
      "version": "3.1.5",
      "resolved": "https://registry.npmjs.org/cross-fetch/-/cross-fetch-3.1.5.tgz",
      "integrity": "sha512-lvb1SBsI0Z7GDwmuid+mU3kWVBwTVUbe7S0H52yaaAdQOXq2YktTCZdlAcNKFzE6QtRz0snpw9bNiPeOIkkQvw==",
      "peer": true,
      "requires": {
        "node-fetch": "2.6.7"
      }
    },
    "i18next": {
      "version": "22.4.9",
      "resolved": "https://registry.npmjs.org/i18next/-/i18next-22.4.9.tgz",
      "integrity": "sha512-8gWMmUz460KJDQp/ob3MNUX84cVuDRY9PLFPnV8d+Qezz/6dkjxwOaH70xjrCNDO+JrUL25iXfAIN9wUkInNZw==",
      "peer": true,
      "requires": {
        "@babel/runtime": "^7.20.6"
      }
    },
    "i18next-browser-languagedetector": {
      "version": "7.2.2",
      "resolved": "https://registry.npmjs.org/i18next-browser-languagedetector/-/i18next-browser-languagedetector-7.2.2.tgz",
      "integrity": "sha512-6b7r75uIJDWCcCflmbof+sJ94k9UQO4X0YR62oUfqGI/GjCLVzlCwu8TFdRZIqVLzWbzNcmkmhfqKEr4TLz4HQ==",
      "peer": true,
      "requires": {
        "@babel/runtime": "^7.23.2"
      }
    },
    "i18next-http-backend": {
      "version": "2.1.1",
      "resolved": "https://registry.npmjs.org/i18next-http-backend/-/i18next-http-backend-2.1.1.tgz",
      "integrity": "sha512-jByfUCDVgQ8+/Wens7queQhYYvMcGTW/lR4IJJNEDDXnmqjLrwi8ubXKpmp76/JIWEZHffNdWqnxFJcTVGeaOw==",
      "peer": true,
      "requires": {
        "cross-fetch": "3.1.5"
      }
    },
    "node-fetch": {
      "version": "2.6.7",
      "resolved": "https://registry.npmjs.org/node-fetch/-/node-fetch-2.6.7.tgz",
      "integrity": "sha512-ZjMPFEfVx5j+y2yF35Kzx5sF7kDzxuDj6ziH4FFbOp87zKDZNx8yExJIb05OGF4Nlt9IHFIMBkRl41VdvcNdbQ==",
      "peer": true,
      "requires": {
        "whatwg-url": "^5.0.0"
      }
    },
    "numeral": {
      "version": "2.0.6",
      "resolved": "https://registry.npmjs.org/numeral/-/numeral-2.0.6.tgz",
      "integrity": "sha512-qaKRmtYPZ5qdw4jWJD6bxEf1FJEqllJrwxCLIm0sQU/A7v2/czigzOb+C2uSiFsa9lBUzeH7M1oK+Q+OLxL3kA==",
      "peer": true
    },
    "rxjs": {
      "version": "7.8.0",
      "resolved": "https://registry.npmjs.org/rxjs/-/rxjs-7.8.0.tgz",
      "integrity": "sha512-F2+gxDshqmIub1KdvZkaEfGDwLNpPvk9Fs6LD/MyQxNgMds/WH9OdDDXOmxUZpME+iSK3rQCctkL0DYyytUqMg==",
      "peer": true,
      "requires": {
        "tslib": "^2.1.0"
      }
    },
    "tr46": {
      "version": "0.0.3",
      "resolved": "https://registry.npmjs.org/tr46/-/tr46-0.0.3.tgz",
      "integrity": "sha512-N3WMsuqV66lT30CrXNbEjx4GEwlow3v6rr4mCcv6prnfwhS01rkgyFdjPNBYd9br7LpXV1+Emh01fHnq2Gdgrw==",
      "peer": true
    },
    "tslib": {
      "version": "2.4.1",
      "resolved": "https://registry.npmjs.org/tslib/-/tslib-2.4.1.tgz",
      "integrity": "sha512-tGyy4dAjRIEwI7BzsB0lynWgOpfqjUdq91XXAlIWD2OwKBH7oCl/GZG/HT4BOHrTlPMOASlMQ7veyTqpmRcrNA=="
    },
    "webidl-conversions": {
      "version": "3.0.1",
      "resolved": "https://registry.npmjs.org/webidl-conversions/-/webidl-conversions-3.0.1.tgz",
      "integrity": "sha512-2JAn3z8AR6rjK8Sm8orRC0h/bcl/DqL7tRPdGZ4I1CjdF+EaMLmYxBHyXuKL849eucPFhvBoxMsflfOb8kxaeQ==",
      "peer": true
    },
    "whatwg-url": {
      "version": "5.0.0",
      "resolved": "https://registry.npmjs.org/whatwg-url/-/whatwg-url-5.0.0.tgz",
      "integrity": "sha512-saE57nupxk6v3HY35+jzBwYa0rKSy0XR8JSxZPwgLr7ys0IBzhGviA1/TUGJLmSVqs8pb9AnvICXEuOHLprYTw==",
      "peer": true,
      "requires": {
        "tr46": "~0.0.3",
        "webidl-conversions": "^3.0.0"
      }
    },
    "zone.js": {
      "version": "0.12.0",
      "resolved": "https://registry.npmjs.org/zone.js/-/zone.js-0.12.0.tgz",
      "integrity": "sha512-XtC+I5dXU14HrzidAKBNMqneIVUykLEAA1x+v4KVrd6AUPWlwYORF8KgsVqvgdHiKZ4BkxxjvYi/ksEixTPR0Q==",
      "peer": true,
      "requires": {
        "tslib": "^2.3.0"
      }
    }
  }
}
