{
  "name": "@researchdatabox/portal-ng-common",
  "version": "0.0.1",
  "lockfileVersion": 3,
  "requires": true,
  "packages": {
    "": {
      "name": "@researchdatabox/portal-ng-common",
      "version": "0.0.1",
      "devDependencies": {
        "@types/numeral": "^2.0.2",
        "tslib": "^2.8.1"
      },
      "peerDependencies": {
        "@angular/common": "^20.2.2",
        "@angular/core": "^20.2.2",
        "@researchdatabox/sails-ng-common": "../../../../packages/sails-ng-common",
        "angular-i18next": "^20.0.0",
        "i18next-browser-languagedetector": "^8.0.0",
        "i18next-http-backend": "^3.0.2",
        "numeral": "^2.0.6"
      }
    },
    "../../../../packages/sails-ng-common": {
      "name": "@researchdatabox/sails-ng-common",
      "version": "0.2.1",
      "license": "GPL-3.0-or-later",
      "peer": true,
      "dependencies": {
        "@researchdatabox/redbox-core-types": "../../core",
        "lodash": "^4.17.21",
        "lodash-es": "^4.17.21",
        "luxon": "^3.7.2",
        "ts-json-schema-generator": "^2.4.0"
      },
      "devDependencies": {
        "@eslint/js": "9.27.0",
        "@stylistic/eslint-plugin": "4.2.0",
        "@stylistic/eslint-plugin-js": "4.2.0",
        "@stylistic/eslint-plugin-ts": "4.2.0",
        "@types/chai": "5.2.1",
        "@types/lodash": "4.17.17",
        "@types/lodash-es": "4.17.10",
        "@types/luxon": "3.7.1",
        "@types/mocha": "10.0.10",
        "@types/node": "20.17.48",
        "@typescript-eslint/eslint-plugin": "8.32.1",
        "@typescript-eslint/parser": "8.32.1",
        "chai": "5.2.0",
        "eslint": "9.27.0",
        "mocha": "11.4.0",
        "mocha-junit-reporter": "2.2.1",
        "nyc": "17.1.0",
        "typescript": "5.8.3",
        "typescript-eslint": "8.32.1"
      },
      "engines": {
        "node": ">=20.0.0"
      }
    },
    "node_modules/@angular/common": {
      "version": "20.2.2",
      "resolved": "https://registry.npmjs.org/@angular/common/-/common-20.2.2.tgz",
      "integrity": "sha512-8i7cytly2h1sgoaEx3+H7/Xrq2KEBnAi0nDG1URv0esmyeMYJ2kycBXF2EDbnbzBhZAPw7++kTf5jng+bhTsiw==",
      "license": "MIT",
      "peer": true,
      "dependencies": {
        "tslib": "^2.3.0"
      },
      "engines": {
        "node": "^20.19.0 || ^22.12.0 || >=24.0.0"
      },
      "peerDependencies": {
        "@angular/core": "20.2.2",
        "rxjs": "^6.5.3 || ^7.4.0"
      }
    },
    "node_modules/@angular/compiler": {
      "version": "20.2.2",
      "resolved": "https://registry.npmjs.org/@angular/compiler/-/compiler-20.2.2.tgz",
      "integrity": "sha512-gHZFSAVVzH/rOvZGglf5AGkk6iQgZXqgFzoThSXe+Do4XIkdeaZPVgc/3AmoHk50gAD85C90eXSjlvp/N1djRg==",
      "license": "MIT",
      "optional": true,
      "peer": true,
      "dependencies": {
        "tslib": "^2.3.0"
      },
      "engines": {
        "node": "^20.19.0 || ^22.12.0 || >=24.0.0"
      }
    },
    "node_modules/@angular/core": {
      "version": "20.2.2",
      "resolved": "https://registry.npmjs.org/@angular/core/-/core-20.2.2.tgz",
      "integrity": "sha512-FZFVh2pI4mI7rr8tTVfrC2c1yOjgTrZy3BFaLSTArS4TgNxy30fLKQ9w3JkuxfllDSckPLyft/EaKcW1pxgHAw==",
      "license": "MIT",
      "peer": true,
      "dependencies": {
        "tslib": "^2.3.0"
      },
      "engines": {
        "node": "^20.19.0 || ^22.12.0 || >=24.0.0"
      },
      "peerDependencies": {
        "@angular/compiler": "20.2.2",
        "rxjs": "^6.5.3 || ^7.4.0",
        "zone.js": "~0.15.0"
      },
      "peerDependenciesMeta": {
        "@angular/compiler": {
          "optional": true
        },
        "zone.js": {
          "optional": true
        }
      }
    },
    "node_modules/@angular/platform-browser": {
      "version": "20.2.2",
      "resolved": "https://registry.npmjs.org/@angular/platform-browser/-/platform-browser-20.2.2.tgz",
      "integrity": "sha512-Il0AibFdZPK4PRhnMomURld/9k0+lJElO1/+lSeYqlOYFcIV8BUrsBsWcDYgDMs71eJiw63EReffADvpEQI4WA==",
      "license": "MIT",
      "peer": true,
      "dependencies": {
        "tslib": "^2.3.0"
      },
      "engines": {
        "node": "^20.19.0 || ^22.12.0 || >=24.0.0"
      },
      "peerDependencies": {
        "@angular/animations": "20.2.2",
        "@angular/common": "20.2.2",
        "@angular/core": "20.2.2"
      },
      "peerDependenciesMeta": {
        "@angular/animations": {
          "optional": true
        }
      }
    },
    "node_modules/@angular/platform-server": {
      "version": "20.2.2",
      "resolved": "https://registry.npmjs.org/@angular/platform-server/-/platform-server-20.2.2.tgz",
      "integrity": "sha512-utl/0ueG1IW0bIAeIdwttePe62uXg6ZRRuvim4mZt3M9/kJ+1a4RAZVOEXet9lHSn4VpbHNvXg3yC7WZwHx7yQ==",
      "license": "MIT",
      "optional": true,
      "peer": true,
      "dependencies": {
        "tslib": "^2.3.0",
        "xhr2": "^0.2.0"
      },
      "engines": {
        "node": "^20.19.0 || ^22.12.0 || >=24.0.0"
      },
      "peerDependencies": {
        "@angular/common": "20.2.2",
        "@angular/compiler": "20.2.2",
        "@angular/core": "20.2.2",
        "@angular/platform-browser": "20.2.2",
        "rxjs": "^6.5.3 || ^7.4.0"
      }
    },
    "node_modules/@angular/router": {
      "version": "20.2.2",
      "resolved": "https://registry.npmjs.org/@angular/router/-/router-20.2.2.tgz",
      "integrity": "sha512-Bi+HS8x6eOTLSt6gt+o+llcACwXc0abnc52gamCPr0oWC+Z/fTWDZDPnkCqdxQkscJO6uoB16BRuG6Cfgvuarg==",
      "license": "MIT",
      "optional": true,
      "peer": true,
      "dependencies": {
        "tslib": "^2.3.0"
      },
      "engines": {
        "node": "^20.19.0 || ^22.12.0 || >=24.0.0"
      },
      "peerDependencies": {
        "@angular/common": "20.2.2",
        "@angular/core": "20.2.2",
        "@angular/platform-browser": "20.2.2",
        "rxjs": "^6.5.3 || ^7.4.0"
      }
    },
    "node_modules/@angular/ssr": {
      "version": "20.2.1",
      "resolved": "https://registry.npmjs.org/@angular/ssr/-/ssr-20.2.1.tgz",
      "integrity": "sha512-7bCfUwmgQJQPFuNRWd0mofIuwN3BK7JLpPEKYiIHd21Pd60xt+Dv8UnEwyixBL3ixhHsfzekDVaKPm2ar5/SFg==",
      "license": "MIT",
      "optional": true,
      "peer": true,
      "dependencies": {
        "tslib": "^2.3.0"
      },
      "peerDependencies": {
        "@angular/common": "^20.0.0",
        "@angular/core": "^20.0.0",
        "@angular/platform-server": "^20.0.0",
        "@angular/router": "^20.0.0"
      },
      "peerDependenciesMeta": {
        "@angular/platform-server": {
          "optional": true
        }
      }
    },
    "node_modules/@babel/runtime": {
      "version": "7.28.3",
      "resolved": "https://registry.npmjs.org/@babel/runtime/-/runtime-7.28.3.tgz",
      "integrity": "sha512-9uIQ10o0WGdpP6GDhXcdOJPJuDgFtIDtN/9+ArJQ2NAfAmiuhTQdzkaTGR33v43GYS2UrSA0eX2pPPHoFVvpxA==",
      "license": "MIT",
      "peer": true,
      "engines": {
        "node": ">=6.9.0"
      }
    },
    "node_modules/@researchdatabox/sails-ng-common": {
      "resolved": "../../../../packages/sails-ng-common",
      "link": true
    },
    "node_modules/@types/numeral": {
      "version": "2.0.5",
      "resolved": "https://registry.npmjs.org/@types/numeral/-/numeral-2.0.5.tgz",
      "integrity": "sha512-kH8I7OSSwQu9DS9JYdFWbuvhVzvFRoCPCkGxNwoGgaPeDfEPJlcxNvEOypZhQ3XXHsGbfIuYcxcJxKUfJHnRfw==",
      "dev": true,
      "license": "MIT"
    },
    "node_modules/angular-i18next": {
      "version": "20.0.0",
      "resolved": "https://registry.npmjs.org/angular-i18next/-/angular-i18next-20.0.0.tgz",
      "integrity": "sha512-LOGMwi3Sz1HWaOq6NBEsfTUZmMPpllW63KHcM1BFQ7aPTtFXf1lXs//rRa2VhVxW59FfcFd0NbCTJiJGo0s90g==",
      "license": "MIT",
      "peer": true,
      "dependencies": {
        "tslib": "^2.8.1"
      },
      "engines": {
        "node": ">=22.0.0"
      },
      "optionalDependencies": {
        "@angular/platform-server": "^20.2.1",
        "@angular/ssr": "^20.2.0"
      },
      "peerDependencies": {
        "@angular/common": "^20.2.1",
        "@angular/core": "^20.2.1",
        "@angular/platform-browser": "^20.2.1",
        "i18next": "^25.4.0",
        "rxjs": "^7.8.2"
      }
    },
    "node_modules/cross-fetch": {
      "version": "4.0.0",
      "resolved": "https://registry.npmjs.org/cross-fetch/-/cross-fetch-4.0.0.tgz",
      "integrity": "sha512-e4a5N8lVvuLgAWgnCrLr2PP0YyDOTHa9H/Rj54dirp61qXnNq46m82bRhNqIA5VccJtWBvPTFRV3TtvHUKPB1g==",
      "license": "MIT",
      "peer": true,
      "dependencies": {
        "node-fetch": "^2.6.12"
      }
    },
    "node_modules/i18next": {
      "version": "25.4.2",
      "resolved": "https://registry.npmjs.org/i18next/-/i18next-25.4.2.tgz",
      "integrity": "sha512-gD4T25a6ovNXsfXY1TwHXXXLnD/K2t99jyYMCSimSCBnBRJVQr5j+VAaU83RJCPzrTGhVQ6dqIga66xO2rtd5g==",
      "funding": [
        {
          "type": "individual",
          "url": "https://locize.com"
        },
        {
          "type": "individual",
          "url": "https://locize.com/i18next.html"
        },
        {
          "type": "individual",
          "url": "https://www.i18next.com/how-to/faq#i18next-is-awesome.-how-can-i-support-the-project"
        }
      ],
      "license": "MIT",
      "peer": true,
      "dependencies": {
        "@babel/runtime": "^7.27.6"
      },
      "peerDependencies": {
        "typescript": "^5"
      },
      "peerDependenciesMeta": {
        "typescript": {
          "optional": true
        }
      }
    },
    "node_modules/i18next-browser-languagedetector": {
      "version": "8.2.0",
      "resolved": "https://registry.npmjs.org/i18next-browser-languagedetector/-/i18next-browser-languagedetector-8.2.0.tgz",
      "integrity": "sha512-P+3zEKLnOF0qmiesW383vsLdtQVyKtCNA9cjSoKCppTKPQVfKd2W8hbVo5ZhNJKDqeM7BOcvNoKJOjpHh4Js9g==",
      "license": "MIT",
      "peer": true,
      "dependencies": {
        "@babel/runtime": "^7.23.2"
      }
    },
    "node_modules/i18next-http-backend": {
      "version": "3.0.2",
      "resolved": "https://registry.npmjs.org/i18next-http-backend/-/i18next-http-backend-3.0.2.tgz",
      "integrity": "sha512-PdlvPnvIp4E1sYi46Ik4tBYh/v/NbYfFFgTjkwFl0is8A18s7/bx9aXqsrOax9WUbeNS6mD2oix7Z0yGGf6m5g==",
      "license": "MIT",
      "peer": true,
      "dependencies": {
        "cross-fetch": "4.0.0"
      }
    },
    "node_modules/node-fetch": {
      "version": "2.7.0",
      "resolved": "https://registry.npmjs.org/node-fetch/-/node-fetch-2.7.0.tgz",
      "integrity": "sha512-c4FRfUm/dbcWZ7U+1Wq0AwCyFL+3nt2bEw05wfxSz+DWpWsitgmSgYmy2dQdWyKC1694ELPqMs/YzUSNozLt8A==",
      "license": "MIT",
      "peer": true,
      "dependencies": {
        "whatwg-url": "^5.0.0"
      },
      "engines": {
        "node": "4.x || >=6.0.0"
      },
      "peerDependencies": {
        "encoding": "^0.1.0"
      },
      "peerDependenciesMeta": {
        "encoding": {
          "optional": true
        }
      }
    },
    "node_modules/numeral": {
      "version": "2.0.6",
      "resolved": "https://registry.npmjs.org/numeral/-/numeral-2.0.6.tgz",
      "integrity": "sha512-qaKRmtYPZ5qdw4jWJD6bxEf1FJEqllJrwxCLIm0sQU/A7v2/czigzOb+C2uSiFsa9lBUzeH7M1oK+Q+OLxL3kA==",
      "license": "MIT",
      "peer": true,
      "engines": {
        "node": "*"
      }
    },
    "node_modules/rxjs": {
      "version": "7.8.2",
      "resolved": "https://registry.npmjs.org/rxjs/-/rxjs-7.8.2.tgz",
      "integrity": "sha512-dhKf903U/PQZY6boNNtAGdWbG85WAbjT/1xYoZIC7FAY0yWapOBQVsVrDl58W86//e1VpMNBtRV4MaXfdMySFA==",
      "license": "Apache-2.0",
      "peer": true,
      "dependencies": {
        "tslib": "^2.1.0"
      }
    },
    "node_modules/tr46": {
      "version": "0.0.3",
      "resolved": "https://registry.npmjs.org/tr46/-/tr46-0.0.3.tgz",
      "integrity": "sha512-N3WMsuqV66lT30CrXNbEjx4GEwlow3v6rr4mCcv6prnfwhS01rkgyFdjPNBYd9br7LpXV1+Emh01fHnq2Gdgrw==",
      "license": "MIT",
      "peer": true
    },
    "node_modules/tslib": {
      "version": "2.8.1",
      "resolved": "https://registry.npmjs.org/tslib/-/tslib-2.8.1.tgz",
      "integrity": "sha512-oJFu94HQb+KVduSUQL7wnpmqnfmLsOA/nAh6b6EH0wCEoK0/mPeXU6c3wKDV83MkOuHPRHtSXKKU99IBazS/2w==",
      "license": "0BSD"
    },
    "node_modules/webidl-conversions": {
      "version": "3.0.1",
      "resolved": "https://registry.npmjs.org/webidl-conversions/-/webidl-conversions-3.0.1.tgz",
      "integrity": "sha512-2JAn3z8AR6rjK8Sm8orRC0h/bcl/DqL7tRPdGZ4I1CjdF+EaMLmYxBHyXuKL849eucPFhvBoxMsflfOb8kxaeQ==",
      "license": "BSD-2-Clause",
      "peer": true
    },
    "node_modules/whatwg-url": {
      "version": "5.0.0",
      "resolved": "https://registry.npmjs.org/whatwg-url/-/whatwg-url-5.0.0.tgz",
      "integrity": "sha512-saE57nupxk6v3HY35+jzBwYa0rKSy0XR8JSxZPwgLr7ys0IBzhGviA1/TUGJLmSVqs8pb9AnvICXEuOHLprYTw==",
      "license": "MIT",
      "peer": true,
      "dependencies": {
        "tr46": "~0.0.3",
        "webidl-conversions": "^3.0.0"
      }
    },
    "node_modules/xhr2": {
      "version": "0.2.1",
      "resolved": "https://registry.npmjs.org/xhr2/-/xhr2-0.2.1.tgz",
      "integrity": "sha512-sID0rrVCqkVNUn8t6xuv9+6FViXjUVXq8H5rWOH2rz9fDNQEd4g0EA2XlcEdJXRz5BMEn4O1pJFdT+z4YHhoWw==",
      "license": "MIT",
      "optional": true,
      "peer": true,
      "engines": {
        "node": ">= 6"
      }
    }
  }
}
