{
  "name": "@researchdatabox/portal-ng-common",
  "version": "0.0.1",
  "lockfileVersion": 2,
  "requires": true,
  "packages": {
    "": {
      "name": "@researchdatabox/portal-ng-common",
      "version": "0.0.1",
      "devDependencies": {
        "@types/numeral": "^2.0.2",
        "tslib": "^2.8.1"
      },
      "peerDependencies": {
        "@angular/common": "^19.2.6",
        "@angular/core": "^19.2.6",
        "@researchdatabox/sails-ng-common": "../../../../packages/sails-ng-common",
        "angular-i18next": "^19.1.0",
        "i18next-browser-languagedetector": "^8.0.0",
        "i18next-http-backend": "^3.0.2",
        "numeral": "^2.0.6"
      }
    },
    "../../../../packages/sails-ng-common": {
      "name": "@researchdatabox/sails-ng-common",
      "version": "0.2.1",
      "license": "GPL-3.0-or-later",
      "peer": true,
      "devDependencies": {
        "@eslint/js": "9.27.0",
        "@researchdatabox/redbox-core-types": "1.4.8",
        "@stylistic/eslint-plugin": "4.2.0",
        "@stylistic/eslint-plugin-js": "4.2.0",
        "@stylistic/eslint-plugin-ts": "4.2.0",
        "@types/chai": "5.2.1",
        "@types/lodash": "4.17.17",
        "@types/mocha": "10.0.10",
        "@types/node": "20.17.48",
        "@typescript-eslint/eslint-plugin": "8.32.1",
        "@typescript-eslint/parser": "8.32.1",
        "chai": "5.2.0",
        "eslint": "9.27.0",
        "istanbul": "0.4.5",
        "lodash": "4.17.21",
        "mocha": "11.4.0",
        "mocha-junit-reporter": "2.2.1",
        "moment": "2.30.1",
        "nyc": "17.1.0",
        "typescript": "5.8.3",
        "typescript-eslint": "8.32.1"
      },
      "engines": {
        "node": ">=20.0.0"
      }
    },
    "node_modules/@angular/common": {
      "version": "19.2.11",
      "resolved": "https://registry.npmjs.org/@angular/common/-/common-19.2.11.tgz",
      "integrity": "sha512-/ZnF2Nfp6S6TAu3VlvUAIp4NVd81WE1Q95wuwSSuoEx2aSyXzI+1myyKWSYe/jYCyGuppmocjTciEh8mAInmOw==",
      "license": "MIT",
      "peer": true,
      "dependencies": {
        "tslib": "^2.3.0"
      },
      "engines": {
        "node": "^18.19.1 || ^20.11.1 || >=22.0.0"
      },
      "peerDependencies": {
        "@angular/core": "19.2.11",
        "rxjs": "^6.5.3 || ^7.4.0"
      }
    },
    "node_modules/@angular/compiler": {
      "version": "19.2.11",
      "resolved": "https://registry.npmjs.org/@angular/compiler/-/compiler-19.2.11.tgz",
      "integrity": "sha512-/ZGFAEO2TyqkaE4neR8lGL9I2QeO2sRVFqulQv7Bu8zKTPStjcsFCwNkp+TNX8Oq/1rLcY9XWAOsUk1//AZd8Q==",
      "license": "MIT",
      "optional": true,
      "peer": true,
      "dependencies": {
        "tslib": "^2.3.0"
      },
      "engines": {
        "node": "^18.19.1 || ^20.11.1 || >=22.0.0"
      }
    },
    "node_modules/@angular/core": {
      "version": "19.2.11",
      "resolved": "https://registry.npmjs.org/@angular/core/-/core-19.2.11.tgz",
      "integrity": "sha512-kmtJQB7B5F2V1JIzy1oBPS6WrRyedSYkuge+XoX1mCSFJDef8HRNd7GopnQ0Zaz0vOTGvCCkWvvaH/+7s2lmAQ==",
      "license": "MIT",
      "peer": true,
      "dependencies": {
        "tslib": "^2.3.0"
      },
      "engines": {
        "node": "^18.19.1 || ^20.11.1 || >=22.0.0"
      },
      "peerDependencies": {
        "rxjs": "^6.5.3 || ^7.4.0",
        "zone.js": "~0.15.0"
      }
    },
    "node_modules/@angular/platform-browser": {
      "version": "19.2.11",
      "resolved": "https://registry.npmjs.org/@angular/platform-browser/-/platform-browser-19.2.11.tgz",
      "integrity": "sha512-wAPJtgzmxBEpW31sa2eg9QssCHBZ52Zc9nm6azTflDlOAyfm9bzqec7y3wqy5sgVue/qID2gzHqmpS3Nx3o0xg==",
      "license": "MIT",
      "peer": true,
      "dependencies": {
        "tslib": "^2.3.0"
      },
      "engines": {
        "node": "^18.19.1 || ^20.11.1 || >=22.0.0"
      },
      "peerDependencies": {
        "@angular/animations": "19.2.11",
        "@angular/common": "19.2.11",
        "@angular/core": "19.2.11"
      },
      "peerDependenciesMeta": {
        "@angular/animations": {
          "optional": true
        }
      }
    },
    "node_modules/@angular/platform-server": {
      "version": "19.2.11",
      "resolved": "https://registry.npmjs.org/@angular/platform-server/-/platform-server-19.2.11.tgz",
      "integrity": "sha512-RbIE99k6QRw1EDDFFpjwM1aVVZlZ6B6zXWJTcjLUTCkF2tcZd2zZH3/3qiENETlFFI4A4VE1zTTtZD3/29sJnA==",
      "license": "MIT",
      "optional": true,
      "peer": true,
      "dependencies": {
        "tslib": "^2.3.0",
        "xhr2": "^0.2.0"
      },
      "engines": {
        "node": "^18.19.1 || ^20.11.1 || >=22.0.0"
      },
      "peerDependencies": {
        "@angular/common": "19.2.11",
        "@angular/compiler": "19.2.11",
        "@angular/core": "19.2.11",
        "@angular/platform-browser": "19.2.11",
        "rxjs": "^6.5.3 || ^7.4.0"
      }
    },
    "node_modules/@angular/router": {
      "version": "19.2.11",
      "resolved": "https://registry.npmjs.org/@angular/router/-/router-19.2.11.tgz",
      "integrity": "sha512-nBwMwRgQ3s1c1CPItPnTJTf81NDOQHvK41r2MIJGHa3H9LONlcbY07q/9p49fqt/xn/dgoOmQTtJ22b/nbIJAQ==",
      "license": "MIT",
      "optional": true,
      "peer": true,
      "dependencies": {
        "tslib": "^2.3.0"
      },
      "engines": {
        "node": "^18.19.1 || ^20.11.1 || >=22.0.0"
      },
      "peerDependencies": {
        "@angular/common": "19.2.11",
        "@angular/core": "19.2.11",
        "@angular/platform-browser": "19.2.11",
        "rxjs": "^6.5.3 || ^7.4.0"
      }
    },
    "node_modules/@angular/ssr": {
      "version": "19.2.12",
      "resolved": "https://registry.npmjs.org/@angular/ssr/-/ssr-19.2.12.tgz",
      "integrity": "sha512-RNi/u6Hbg8bJ1FYOUbjT5dmyfM+H5kok1MuRWvpSaVUpH2s/CMNQ/F9fw6vzay2Nr/qVHeq+eeYYY8QXn2ZbhA==",
      "license": "MIT",
      "optional": true,
      "peer": true,
      "dependencies": {
        "tslib": "^2.3.0"
      },
      "peerDependencies": {
        "@angular/common": "^19.0.0 || ^19.2.0-next.0",
        "@angular/core": "^19.0.0 || ^19.2.0-next.0",
        "@angular/platform-server": "^19.0.0 || ^19.2.0-next.0",
        "@angular/router": "^19.0.0 || ^19.2.0-next.0"
      },
      "peerDependenciesMeta": {
        "@angular/platform-server": {
          "optional": true
        }
      }
    },
    "node_modules/@babel/runtime": {
      "version": "7.27.0",
      "resolved": "https://registry.npmjs.org/@babel/runtime/-/runtime-7.27.0.tgz",
      "integrity": "sha512-VtPOkrdPHZsKc/clNqyi9WUA8TINkZ4cGk63UUE3u4pmB2k+ZMQRDuIOagv8UVd6j7k0T3+RRIb7beKTebNbcw==",
      "license": "MIT",
      "peer": true,
      "dependencies": {
        "regenerator-runtime": "^0.14.0"
      },
      "engines": {
        "node": ">=6.9.0"
      }
    },
    "node_modules/@researchdatabox/sails-ng-common": {
      "resolved": "../../../../packages/sails-ng-common",
      "link": true
    },
    "node_modules/@types/numeral": {
      "version": "2.0.2",
      "resolved": "https://registry.npmjs.org/@types/numeral/-/numeral-2.0.2.tgz",
      "integrity": "sha512-A8F30k2gYJ/6e07spSCPpkuZu79LCnkPTvqmIWQzNGcrzwFKpVOydG41lNt5wZXjSI149qjyzC2L1+F2PD/NUA==",
      "dev": true
    },
    "node_modules/angular-i18next": {
      "version": "19.1.0",
      "resolved": "https://registry.npmjs.org/angular-i18next/-/angular-i18next-19.1.0.tgz",
      "integrity": "sha512-GZaUDYwHMiKFa941H5kU5XO0VhEP8AsdIXyUZnXjhKHQjIVJtNMPtBL3oeYdv6MDZwFowK4udpNJTWKxV3e6NQ==",
      "license": "MIT",
      "peer": true,
      "dependencies": {
        "tslib": "^2.8.1"
      },
      "engines": {
        "node": ">=22.0.0"
      },
      "optionalDependencies": {
        "@angular/platform-server": "^19.1.7",
        "@angular/ssr": "^19.1.8"
      },
      "peerDependencies": {
        "@angular/common": "^19.1.7",
        "@angular/core": "^19.1.7",
        "@angular/platform-browser": "^19.1.7",
        "i18next": "^24.2.2",
        "rxjs": "^7.8.2"
      }
    },
    "node_modules/cross-fetch": {
      "version": "4.0.0",
      "resolved": "https://registry.npmjs.org/cross-fetch/-/cross-fetch-4.0.0.tgz",
      "integrity": "sha512-e4a5N8lVvuLgAWgnCrLr2PP0YyDOTHa9H/Rj54dirp61qXnNq46m82bRhNqIA5VccJtWBvPTFRV3TtvHUKPB1g==",
      "license": "MIT",
      "peer": true,
      "dependencies": {
        "node-fetch": "^2.6.12"
      }
    },
    "node_modules/i18next": {
      "version": "24.2.3",
      "resolved": "https://registry.npmjs.org/i18next/-/i18next-24.2.3.tgz",
      "integrity": "sha512-lfbf80OzkocvX7nmZtu7nSTNbrTYR52sLWxPtlXX1zAhVw8WEnFk4puUkCR4B1dNQwbSpEHHHemcZu//7EcB7A==",
      "funding": [
        {
          "type": "individual",
          "url": "https://locize.com"
        },
        {
          "type": "individual",
          "url": "https://locize.com/i18next.html"
        },
        {
          "type": "individual",
          "url": "https://www.i18next.com/how-to/faq#i18next-is-awesome.-how-can-i-support-the-project"
        }
      ],
      "license": "MIT",
      "peer": true,
      "dependencies": {
        "@babel/runtime": "^7.26.10"
      },
      "peerDependencies": {
        "typescript": "^5"
      },
      "peerDependenciesMeta": {
        "typescript": {
          "optional": true
        }
      }
    },
    "node_modules/i18next-browser-languagedetector": {
      "version": "8.1.0",
      "resolved": "https://registry.npmjs.org/i18next-browser-languagedetector/-/i18next-browser-languagedetector-8.1.0.tgz",
      "integrity": "sha512-mHZxNx1Lq09xt5kCauZ/4bsXOEA2pfpwSoU11/QTJB+pD94iONFwp+ohqi///PwiFvjFOxe1akYCdHyFo1ng5Q==",
      "license": "MIT",
      "peer": true,
      "dependencies": {
        "@babel/runtime": "^7.23.2"
      }
    },
    "node_modules/i18next-http-backend": {
      "version": "3.0.2",
      "resolved": "https://registry.npmjs.org/i18next-http-backend/-/i18next-http-backend-3.0.2.tgz",
      "integrity": "sha512-PdlvPnvIp4E1sYi46Ik4tBYh/v/NbYfFFgTjkwFl0is8A18s7/bx9aXqsrOax9WUbeNS6mD2oix7Z0yGGf6m5g==",
      "license": "MIT",
      "peer": true,
      "dependencies": {
        "cross-fetch": "4.0.0"
      }
    },
    "node_modules/node-fetch": {
      "version": "2.7.0",
      "resolved": "https://registry.npmjs.org/node-fetch/-/node-fetch-2.7.0.tgz",
      "integrity": "sha512-c4FRfUm/dbcWZ7U+1Wq0AwCyFL+3nt2bEw05wfxSz+DWpWsitgmSgYmy2dQdWyKC1694ELPqMs/YzUSNozLt8A==",
      "license": "MIT",
      "peer": true,
      "dependencies": {
        "whatwg-url": "^5.0.0"
      },
      "engines": {
        "node": "4.x || >=6.0.0"
      },
      "peerDependencies": {
        "encoding": "^0.1.0"
      },
      "peerDependenciesMeta": {
        "encoding": {
          "optional": true
        }
      }
    },
    "node_modules/numeral": {
      "version": "2.0.6",
      "resolved": "https://registry.npmjs.org/numeral/-/numeral-2.0.6.tgz",
      "integrity": "sha512-qaKRmtYPZ5qdw4jWJD6bxEf1FJEqllJrwxCLIm0sQU/A7v2/czigzOb+C2uSiFsa9lBUzeH7M1oK+Q+OLxL3kA==",
      "peer": true,
      "engines": {
        "node": "*"
      }
    },
    "node_modules/regenerator-runtime": {
      "version": "0.14.1",
      "resolved": "https://registry.npmjs.org/regenerator-runtime/-/regenerator-runtime-0.14.1.tgz",
      "integrity": "sha512-dYnhHh0nJoMfnkZs6GmmhFknAGRrLznOu5nc9ML+EJxGvrx6H7teuevqVqCuPcPK//3eDrrjQhehXVx9cnkGdw==",
      "license": "MIT",
      "peer": true
    },
    "node_modules/rxjs": {
      "version": "7.8.2",
      "resolved": "https://registry.npmjs.org/rxjs/-/rxjs-7.8.2.tgz",
      "integrity": "sha512-dhKf903U/PQZY6boNNtAGdWbG85WAbjT/1xYoZIC7FAY0yWapOBQVsVrDl58W86//e1VpMNBtRV4MaXfdMySFA==",
      "license": "Apache-2.0",
      "peer": true,
      "dependencies": {
        "tslib": "^2.1.0"
      }
    },
    "node_modules/tr46": {
      "version": "0.0.3",
      "resolved": "https://registry.npmjs.org/tr46/-/tr46-0.0.3.tgz",
      "integrity": "sha512-N3WMsuqV66lT30CrXNbEjx4GEwlow3v6rr4mCcv6prnfwhS01rkgyFdjPNBYd9br7LpXV1+Emh01fHnq2Gdgrw==",
      "license": "MIT",
      "peer": true
    },
    "node_modules/tslib": {
      "version": "2.8.1",
      "resolved": "https://registry.npmjs.org/tslib/-/tslib-2.8.1.tgz",
      "integrity": "sha512-oJFu94HQb+KVduSUQL7wnpmqnfmLsOA/nAh6b6EH0wCEoK0/mPeXU6c3wKDV83MkOuHPRHtSXKKU99IBazS/2w==",
      "license": "0BSD"
    },
    "node_modules/webidl-conversions": {
      "version": "3.0.1",
      "resolved": "https://registry.npmjs.org/webidl-conversions/-/webidl-conversions-3.0.1.tgz",
      "integrity": "sha512-2JAn3z8AR6rjK8Sm8orRC0h/bcl/DqL7tRPdGZ4I1CjdF+EaMLmYxBHyXuKL849eucPFhvBoxMsflfOb8kxaeQ==",
      "license": "BSD-2-Clause",
      "peer": true
    },
    "node_modules/whatwg-url": {
      "version": "5.0.0",
      "resolved": "https://registry.npmjs.org/whatwg-url/-/whatwg-url-5.0.0.tgz",
      "integrity": "sha512-saE57nupxk6v3HY35+jzBwYa0rKSy0XR8JSxZPwgLr7ys0IBzhGviA1/TUGJLmSVqs8pb9AnvICXEuOHLprYTw==",
      "license": "MIT",
      "peer": true,
      "dependencies": {
        "tr46": "~0.0.3",
        "webidl-conversions": "^3.0.0"
      }
    },
    "node_modules/xhr2": {
      "version": "0.2.1",
      "resolved": "https://registry.npmjs.org/xhr2/-/xhr2-0.2.1.tgz",
      "integrity": "sha512-sID0rrVCqkVNUn8t6xuv9+6FViXjUVXq8H5rWOH2rz9fDNQEd4g0EA2XlcEdJXRz5BMEn4O1pJFdT+z4YHhoWw==",
      "license": "MIT",
      "optional": true,
      "peer": true,
      "engines": {
        "node": ">= 6"
      }
    },
    "node_modules/zone.js": {
      "version": "0.15.0",
      "resolved": "https://registry.npmjs.org/zone.js/-/zone.js-0.15.0.tgz",
      "integrity": "sha512-9oxn0IIjbCZkJ67L+LkhYWRyAy7axphb3VgE2MBDlOqnmHMPWGYMxJxBYFueFq/JGY2GMwS0rU+UCLunEmy5UA==",
      "license": "MIT",
      "peer": true
    }
  },
  "dependencies": {
    "@angular/common": {
      "version": "19.2.11",
      "resolved": "https://registry.npmjs.org/@angular/common/-/common-19.2.11.tgz",
      "integrity": "sha512-/ZnF2Nfp6S6TAu3VlvUAIp4NVd81WE1Q95wuwSSuoEx2aSyXzI+1myyKWSYe/jYCyGuppmocjTciEh8mAInmOw==",
      "peer": true,
      "requires": {
        "tslib": "^2.3.0"
      }
    },
    "@angular/compiler": {
      "version": "19.2.11",
      "resolved": "https://registry.npmjs.org/@angular/compiler/-/compiler-19.2.11.tgz",
      "integrity": "sha512-/ZGFAEO2TyqkaE4neR8lGL9I2QeO2sRVFqulQv7Bu8zKTPStjcsFCwNkp+TNX8Oq/1rLcY9XWAOsUk1//AZd8Q==",
      "optional": true,
      "peer": true,
      "requires": {
        "tslib": "^2.3.0"
      }
    },
    "@angular/core": {
      "version": "19.2.11",
      "resolved": "https://registry.npmjs.org/@angular/core/-/core-19.2.11.tgz",
      "integrity": "sha512-kmtJQB7B5F2V1JIzy1oBPS6WrRyedSYkuge+XoX1mCSFJDef8HRNd7GopnQ0Zaz0vOTGvCCkWvvaH/+7s2lmAQ==",
      "peer": true,
      "requires": {
        "tslib": "^2.3.0"
      }
    },
    "@angular/platform-browser": {
      "version": "19.2.11",
      "resolved": "https://registry.npmjs.org/@angular/platform-browser/-/platform-browser-19.2.11.tgz",
      "integrity": "sha512-wAPJtgzmxBEpW31sa2eg9QssCHBZ52Zc9nm6azTflDlOAyfm9bzqec7y3wqy5sgVue/qID2gzHqmpS3Nx3o0xg==",
      "peer": true,
      "requires": {
        "tslib": "^2.3.0"
      }
    },
    "@angular/platform-server": {
      "version": "19.2.11",
      "resolved": "https://registry.npmjs.org/@angular/platform-server/-/platform-server-19.2.11.tgz",
      "integrity": "sha512-RbIE99k6QRw1EDDFFpjwM1aVVZlZ6B6zXWJTcjLUTCkF2tcZd2zZH3/3qiENETlFFI4A4VE1zTTtZD3/29sJnA==",
      "optional": true,
      "peer": true,
      "requires": {
        "tslib": "^2.3.0",
        "xhr2": "^0.2.0"
      }
    },
    "@angular/router": {
      "version": "19.2.11",
      "resolved": "https://registry.npmjs.org/@angular/router/-/router-19.2.11.tgz",
      "integrity": "sha512-nBwMwRgQ3s1c1CPItPnTJTf81NDOQHvK41r2MIJGHa3H9LONlcbY07q/9p49fqt/xn/dgoOmQTtJ22b/nbIJAQ==",
      "optional": true,
      "peer": true,
      "requires": {
        "tslib": "^2.3.0"
      }
    },
    "@angular/ssr": {
      "version": "19.2.12",
      "resolved": "https://registry.npmjs.org/@angular/ssr/-/ssr-19.2.12.tgz",
      "integrity": "sha512-RNi/u6Hbg8bJ1FYOUbjT5dmyfM+H5kok1MuRWvpSaVUpH2s/CMNQ/F9fw6vzay2Nr/qVHeq+eeYYY8QXn2ZbhA==",
      "optional": true,
      "peer": true,
      "requires": {
        "tslib": "^2.3.0"
      }
    },
    "@babel/runtime": {
      "version": "7.27.0",
      "resolved": "https://registry.npmjs.org/@babel/runtime/-/runtime-7.27.0.tgz",
      "integrity": "sha512-VtPOkrdPHZsKc/clNqyi9WUA8TINkZ4cGk63UUE3u4pmB2k+ZMQRDuIOagv8UVd6j7k0T3+RRIb7beKTebNbcw==",
      "peer": true,
      "requires": {
        "regenerator-runtime": "^0.14.0"
      }
    },
    "@researchdatabox/sails-ng-common": {
      "version": "file:../../../../packages/sails-ng-common",
      "requires": {
        "@eslint/js": "9.27.0",
        "@researchdatabox/redbox-core-types": "1.4.8",
        "@stylistic/eslint-plugin": "4.2.0",
        "@stylistic/eslint-plugin-js": "4.2.0",
        "@stylistic/eslint-plugin-ts": "4.2.0",
        "@types/chai": "5.2.1",
        "@types/lodash": "4.17.17",
        "@types/mocha": "10.0.10",
        "@types/node": "20.17.48",
        "@typescript-eslint/eslint-plugin": "8.32.1",
        "@typescript-eslint/parser": "8.32.1",
        "chai": "5.2.0",
        "eslint": "9.27.0",
        "istanbul": "0.4.5",
        "lodash": "4.17.21",
        "mocha": "11.4.0",
        "mocha-junit-reporter": "2.2.1",
        "moment": "2.30.1",
        "nyc": "17.1.0",
        "typescript": "5.8.3",
        "typescript-eslint": "8.32.1"
      }
    },
    "@types/numeral": {
      "version": "2.0.2",
      "resolved": "https://registry.npmjs.org/@types/numeral/-/numeral-2.0.2.tgz",
      "integrity": "sha512-A8F30k2gYJ/6e07spSCPpkuZu79LCnkPTvqmIWQzNGcrzwFKpVOydG41lNt5wZXjSI149qjyzC2L1+F2PD/NUA==",
      "dev": true
    },
    "angular-i18next": {
      "version": "19.1.0",
      "resolved": "https://registry.npmjs.org/angular-i18next/-/angular-i18next-19.1.0.tgz",
      "integrity": "sha512-GZaUDYwHMiKFa941H5kU5XO0VhEP8AsdIXyUZnXjhKHQjIVJtNMPtBL3oeYdv6MDZwFowK4udpNJTWKxV3e6NQ==",
      "peer": true,
      "requires": {
        "@angular/platform-server": "^19.1.7",
        "@angular/ssr": "^19.1.8",
        "tslib": "^2.8.1"
      }
    },
    "cross-fetch": {
      "version": "4.0.0",
      "resolved": "https://registry.npmjs.org/cross-fetch/-/cross-fetch-4.0.0.tgz",
      "integrity": "sha512-e4a5N8lVvuLgAWgnCrLr2PP0YyDOTHa9H/Rj54dirp61qXnNq46m82bRhNqIA5VccJtWBvPTFRV3TtvHUKPB1g==",
      "peer": true,
      "requires": {
        "node-fetch": "^2.6.12"
      }
    },
    "i18next": {
      "version": "24.2.3",
      "resolved": "https://registry.npmjs.org/i18next/-/i18next-24.2.3.tgz",
      "integrity": "sha512-lfbf80OzkocvX7nmZtu7nSTNbrTYR52sLWxPtlXX1zAhVw8WEnFk4puUkCR4B1dNQwbSpEHHHemcZu//7EcB7A==",
      "peer": true,
      "requires": {
        "@babel/runtime": "^7.26.10"
      }
    },
    "i18next-browser-languagedetector": {
      "version": "8.1.0",
      "resolved": "https://registry.npmjs.org/i18next-browser-languagedetector/-/i18next-browser-languagedetector-8.1.0.tgz",
      "integrity": "sha512-mHZxNx1Lq09xt5kCauZ/4bsXOEA2pfpwSoU11/QTJB+pD94iONFwp+ohqi///PwiFvjFOxe1akYCdHyFo1ng5Q==",
      "peer": true,
      "requires": {
        "@babel/runtime": "^7.23.2"
      }
    },
    "i18next-http-backend": {
      "version": "3.0.2",
      "resolved": "https://registry.npmjs.org/i18next-http-backend/-/i18next-http-backend-3.0.2.tgz",
      "integrity": "sha512-PdlvPnvIp4E1sYi46Ik4tBYh/v/NbYfFFgTjkwFl0is8A18s7/bx9aXqsrOax9WUbeNS6mD2oix7Z0yGGf6m5g==",
      "peer": true,
      "requires": {
        "cross-fetch": "4.0.0"
      }
    },
    "node-fetch": {
      "version": "2.7.0",
      "resolved": "https://registry.npmjs.org/node-fetch/-/node-fetch-2.7.0.tgz",
      "integrity": "sha512-c4FRfUm/dbcWZ7U+1Wq0AwCyFL+3nt2bEw05wfxSz+DWpWsitgmSgYmy2dQdWyKC1694ELPqMs/YzUSNozLt8A==",
      "peer": true,
      "requires": {
        "whatwg-url": "^5.0.0"
      }
    },
    "numeral": {
      "version": "2.0.6",
      "resolved": "https://registry.npmjs.org/numeral/-/numeral-2.0.6.tgz",
      "integrity": "sha512-qaKRmtYPZ5qdw4jWJD6bxEf1FJEqllJrwxCLIm0sQU/A7v2/czigzOb+C2uSiFsa9lBUzeH7M1oK+Q+OLxL3kA==",
      "peer": true
    },
    "regenerator-runtime": {
      "version": "0.14.1",
      "resolved": "https://registry.npmjs.org/regenerator-runtime/-/regenerator-runtime-0.14.1.tgz",
      "integrity": "sha512-dYnhHh0nJoMfnkZs6GmmhFknAGRrLznOu5nc9ML+EJxGvrx6H7teuevqVqCuPcPK//3eDrrjQhehXVx9cnkGdw==",
      "peer": true
    },
    "rxjs": {
      "version": "7.8.2",
      "resolved": "https://registry.npmjs.org/rxjs/-/rxjs-7.8.2.tgz",
      "integrity": "sha512-dhKf903U/PQZY6boNNtAGdWbG85WAbjT/1xYoZIC7FAY0yWapOBQVsVrDl58W86//e1VpMNBtRV4MaXfdMySFA==",
      "peer": true,
      "requires": {
        "tslib": "^2.1.0"
      }
    },
    "tr46": {
      "version": "0.0.3",
      "resolved": "https://registry.npmjs.org/tr46/-/tr46-0.0.3.tgz",
      "integrity": "sha512-N3WMsuqV66lT30CrXNbEjx4GEwlow3v6rr4mCcv6prnfwhS01rkgyFdjPNBYd9br7LpXV1+Emh01fHnq2Gdgrw==",
      "peer": true
    },
    "tslib": {
      "version": "2.8.1",
      "resolved": "https://registry.npmjs.org/tslib/-/tslib-2.8.1.tgz",
      "integrity": "sha512-oJFu94HQb+KVduSUQL7wnpmqnfmLsOA/nAh6b6EH0wCEoK0/mPeXU6c3wKDV83MkOuHPRHtSXKKU99IBazS/2w=="
    },
    "webidl-conversions": {
      "version": "3.0.1",
      "resolved": "https://registry.npmjs.org/webidl-conversions/-/webidl-conversions-3.0.1.tgz",
      "integrity": "sha512-2JAn3z8AR6rjK8Sm8orRC0h/bcl/DqL7tRPdGZ4I1CjdF+EaMLmYxBHyXuKL849eucPFhvBoxMsflfOb8kxaeQ==",
      "peer": true
    },
    "whatwg-url": {
      "version": "5.0.0",
      "resolved": "https://registry.npmjs.org/whatwg-url/-/whatwg-url-5.0.0.tgz",
      "integrity": "sha512-saE57nupxk6v3HY35+jzBwYa0rKSy0XR8JSxZPwgLr7ys0IBzhGviA1/TUGJLmSVqs8pb9AnvICXEuOHLprYTw==",
      "peer": true,
      "requires": {
        "tr46": "~0.0.3",
        "webidl-conversions": "^3.0.0"
      }
    },
    "xhr2": {
      "version": "0.2.1",
      "resolved": "https://registry.npmjs.org/xhr2/-/xhr2-0.2.1.tgz",
      "integrity": "sha512-sID0rrVCqkVNUn8t6xuv9+6FViXjUVXq8H5rWOH2rz9fDNQEd4g0EA2XlcEdJXRz5BMEn4O1pJFdT+z4YHhoWw==",
      "optional": true,
      "peer": true
    },
    "zone.js": {
      "version": "0.15.0",
      "resolved": "https://registry.npmjs.org/zone.js/-/zone.js-0.15.0.tgz",
      "integrity": "sha512-9oxn0IIjbCZkJ67L+LkhYWRyAy7axphb3VgE2MBDlOqnmHMPWGYMxJxBYFueFq/JGY2GMwS0rU+UCLunEmy5UA==",
      "peer": true
    }
  }
}
