{
  "name": "@researchdatabox/portal-ng-form-custom",
  "version": "0.0.1",
  "lockfileVersion": 3,
  "requires": true,
  "packages": {
    "": {
      "name": "@researchdatabox/portal-ng-form-custom",
      "version": "0.0.1",
      "dependencies": {
        "tslib": "^2.3.0"
      },
      "peerDependencies": {
        "@angular/common": "^20.2.2",
        "@angular/core": "^20.2.2",
        "@angular/forms": "^20.2.2",
        "angular-i18next": "^20.0.0"
      }
    },
    "node_modules/@angular/common": {
      "version": "20.2.2",
      "resolved": "https://registry.npmjs.org/@angular/common/-/common-20.2.2.tgz",
      "integrity": "sha512-8i7cytly2h1sgoaEx3+H7/Xrq2KEBnAi0nDG1URv0esmyeMYJ2kycBXF2EDbnbzBhZAPw7++kTf5jng+bhTsiw==",
      "license": "MIT",
      "peer": true,
      "dependencies": {
        "tslib": "^2.3.0"
      },
      "engines": {
        "node": "^20.19.0 || ^22.12.0 || >=24.0.0"
      },
      "peerDependencies": {
        "@angular/core": "20.2.2",
        "rxjs": "^6.5.3 || ^7.4.0"
      }
    },
    "node_modules/@angular/compiler": {
      "version": "20.2.2",
      "resolved": "https://registry.npmjs.org/@angular/compiler/-/compiler-20.2.2.tgz",
      "integrity": "sha512-gHZFSAVVzH/rOvZGglf5AGkk6iQgZXqgFzoThSXe+Do4XIkdeaZPVgc/3AmoHk50gAD85C90eXSjlvp/N1djRg==",
      "license": "MIT",
      "optional": true,
      "peer": true,
      "dependencies": {
        "tslib": "^2.3.0"
      },
      "engines": {
        "node": "^20.19.0 || ^22.12.0 || >=24.0.0"
      }
    },
    "node_modules/@angular/core": {
      "version": "20.2.2",
      "resolved": "https://registry.npmjs.org/@angular/core/-/core-20.2.2.tgz",
      "integrity": "sha512-FZFVh2pI4mI7rr8tTVfrC2c1yOjgTrZy3BFaLSTArS4TgNxy30fLKQ9w3JkuxfllDSckPLyft/EaKcW1pxgHAw==",
      "license": "MIT",
      "peer": true,
      "dependencies": {
        "tslib": "^2.3.0"
      },
      "engines": {
        "node": "^20.19.0 || ^22.12.0 || >=24.0.0"
      },
      "peerDependencies": {
        "@angular/compiler": "20.2.2",
        "rxjs": "^6.5.3 || ^7.4.0",
        "zone.js": "~0.15.0"
      },
      "peerDependenciesMeta": {
        "@angular/compiler": {
          "optional": true
        },
        "zone.js": {
          "optional": true
        }
      }
    },
    "node_modules/@angular/forms": {
      "version": "20.2.2",
      "resolved": "https://registry.npmjs.org/@angular/forms/-/forms-20.2.2.tgz",
      "integrity": "sha512-61xMJfKql9F2q+8bm+AlIPy36ETyYuBIxGwP7q/w5Rjv+GlfXVVddq4DI2RiaK/MwgYljtuwf1+aoXz4dlNriw==",
      "license": "MIT",
      "peer": true,
      "dependencies": {
        "tslib": "^2.3.0"
      },
      "engines": {
        "node": "^20.19.0 || ^22.12.0 || >=24.0.0"
      },
      "peerDependencies": {
        "@angular/common": "20.2.2",
        "@angular/core": "20.2.2",
        "@angular/platform-browser": "20.2.2",
        "rxjs": "^6.5.3 || ^7.4.0"
      }
    },
    "node_modules/@angular/platform-browser": {
      "version": "20.2.2",
      "resolved": "https://registry.npmjs.org/@angular/platform-browser/-/platform-browser-20.2.2.tgz",
      "integrity": "sha512-Il0AibFdZPK4PRhnMomURld/9k0+lJElO1/+lSeYqlOYFcIV8BUrsBsWcDYgDMs71eJiw63EReffADvpEQI4WA==",
      "license": "MIT",
      "peer": true,
      "dependencies": {
        "tslib": "^2.3.0"
      },
      "engines": {
        "node": "^20.19.0 || ^22.12.0 || >=24.0.0"
      },
      "peerDependencies": {
        "@angular/animations": "20.2.2",
        "@angular/common": "20.2.2",
        "@angular/core": "20.2.2"
      },
      "peerDependenciesMeta": {
        "@angular/animations": {
          "optional": true
        }
      }
    },
    "node_modules/@angular/platform-server": {
      "version": "20.2.2",
      "resolved": "https://registry.npmjs.org/@angular/platform-server/-/platform-server-20.2.2.tgz",
      "integrity": "sha512-utl/0ueG1IW0bIAeIdwttePe62uXg6ZRRuvim4mZt3M9/kJ+1a4RAZVOEXet9lHSn4VpbHNvXg3yC7WZwHx7yQ==",
      "license": "MIT",
      "optional": true,
      "peer": true,
      "dependencies": {
        "tslib": "^2.3.0",
        "xhr2": "^0.2.0"
      },
      "engines": {
        "node": "^20.19.0 || ^22.12.0 || >=24.0.0"
      },
      "peerDependencies": {
        "@angular/common": "20.2.2",
        "@angular/compiler": "20.2.2",
        "@angular/core": "20.2.2",
        "@angular/platform-browser": "20.2.2",
        "rxjs": "^6.5.3 || ^7.4.0"
      }
    },
    "node_modules/@angular/router": {
      "version": "20.2.2",
      "resolved": "https://registry.npmjs.org/@angular/router/-/router-20.2.2.tgz",
      "integrity": "sha512-Bi+HS8x6eOTLSt6gt+o+llcACwXc0abnc52gamCPr0oWC+Z/fTWDZDPnkCqdxQkscJO6uoB16BRuG6Cfgvuarg==",
      "license": "MIT",
      "optional": true,
      "peer": true,
      "dependencies": {
        "tslib": "^2.3.0"
      },
      "engines": {
        "node": "^20.19.0 || ^22.12.0 || >=24.0.0"
      },
      "peerDependencies": {
        "@angular/common": "20.2.2",
        "@angular/core": "20.2.2",
        "@angular/platform-browser": "20.2.2",
        "rxjs": "^6.5.3 || ^7.4.0"
      }
    },
    "node_modules/@angular/ssr": {
      "version": "20.2.1",
      "resolved": "https://registry.npmjs.org/@angular/ssr/-/ssr-20.2.1.tgz",
      "integrity": "sha512-7bCfUwmgQJQPFuNRWd0mofIuwN3BK7JLpPEKYiIHd21Pd60xt+Dv8UnEwyixBL3ixhHsfzekDVaKPm2ar5/SFg==",
      "license": "MIT",
      "optional": true,
      "peer": true,
      "dependencies": {
        "tslib": "^2.3.0"
      },
      "peerDependencies": {
        "@angular/common": "^20.0.0",
        "@angular/core": "^20.0.0",
        "@angular/platform-server": "^20.0.0",
        "@angular/router": "^20.0.0"
      },
      "peerDependenciesMeta": {
        "@angular/platform-server": {
          "optional": true
        }
      }
    },
    "node_modules/@babel/runtime": {
      "version": "7.28.3",
      "resolved": "https://registry.npmjs.org/@babel/runtime/-/runtime-7.28.3.tgz",
      "integrity": "sha512-9uIQ10o0WGdpP6GDhXcdOJPJuDgFtIDtN/9+ArJQ2NAfAmiuhTQdzkaTGR33v43GYS2UrSA0eX2pPPHoFVvpxA==",
      "license": "MIT",
      "peer": true,
      "engines": {
        "node": ">=6.9.0"
      }
    },
    "node_modules/angular-i18next": {
      "version": "20.0.0",
      "resolved": "https://registry.npmjs.org/angular-i18next/-/angular-i18next-20.0.0.tgz",
      "integrity": "sha512-LOGMwi3Sz1HWaOq6NBEsfTUZmMPpllW63KHcM1BFQ7aPTtFXf1lXs//rRa2VhVxW59FfcFd0NbCTJiJGo0s90g==",
      "license": "MIT",
      "peer": true,
      "dependencies": {
        "tslib": "^2.8.1"
      },
      "engines": {
        "node": ">=22.0.0"
      },
      "optionalDependencies": {
        "@angular/platform-server": "^20.2.1",
        "@angular/ssr": "^20.2.0"
      },
      "peerDependencies": {
        "@angular/common": "^20.2.1",
        "@angular/core": "^20.2.1",
        "@angular/platform-browser": "^20.2.1",
        "i18next": "^25.4.0",
        "rxjs": "^7.8.2"
      }
    },
    "node_modules/i18next": {
      "version": "25.4.2",
      "resolved": "https://registry.npmjs.org/i18next/-/i18next-25.4.2.tgz",
      "integrity": "sha512-gD4T25a6ovNXsfXY1TwHXXXLnD/K2t99jyYMCSimSCBnBRJVQr5j+VAaU83RJCPzrTGhVQ6dqIga66xO2rtd5g==",
      "funding": [
        {
          "type": "individual",
          "url": "https://locize.com"
        },
        {
          "type": "individual",
          "url": "https://locize.com/i18next.html"
        },
        {
          "type": "individual",
          "url": "https://www.i18next.com/how-to/faq#i18next-is-awesome.-how-can-i-support-the-project"
        }
      ],
      "license": "MIT",
      "peer": true,
      "dependencies": {
        "@babel/runtime": "^7.27.6"
      },
      "peerDependencies": {
        "typescript": "^5"
      },
      "peerDependenciesMeta": {
        "typescript": {
          "optional": true
        }
      }
    },
    "node_modules/rxjs": {
      "version": "7.8.2",
      "resolved": "https://registry.npmjs.org/rxjs/-/rxjs-7.8.2.tgz",
      "integrity": "sha512-dhKf903U/PQZY6boNNtAGdWbG85WAbjT/1xYoZIC7FAY0yWapOBQVsVrDl58W86//e1VpMNBtRV4MaXfdMySFA==",
      "license": "Apache-2.0",
      "peer": true,
      "dependencies": {
        "tslib": "^2.1.0"
      }
    },
    "node_modules/tslib": {
      "version": "2.8.1",
      "resolved": "https://registry.npmjs.org/tslib/-/tslib-2.8.1.tgz",
      "integrity": "sha512-oJFu94HQb+KVduSUQL7wnpmqnfmLsOA/nAh6b6EH0wCEoK0/mPeXU6c3wKDV83MkOuHPRHtSXKKU99IBazS/2w==",
      "license": "0BSD"
    },
    "node_modules/xhr2": {
      "version": "0.2.1",
      "resolved": "https://registry.npmjs.org/xhr2/-/xhr2-0.2.1.tgz",
      "integrity": "sha512-sID0rrVCqkVNUn8t6xuv9+6FViXjUVXq8H5rWOH2rz9fDNQEd4g0EA2XlcEdJXRz5BMEn4O1pJFdT+z4YHhoWw==",
      "license": "MIT",
      "optional": true,
      "peer": true,
      "engines": {
        "node": ">= 6"
      }
    }
  }
}
